// !$*UTF8*$!
{
	archiveVersion = 1;
	classes = {
	};
	objectVersion = 50;
	objects = {

/* Begin PBXBuildFile section */
		75280DF320EA0E1800AA2514 /* AppDelegate.swift in Sources */ = {isa = PBXBuildFile; fileRef = 75280DF220EA0E1800AA2514 /* AppDelegate.swift */; };
		75280DF520EA0E1800AA2514 /* ViewController.swift in Sources */ = {isa = PBXBuildFile; fileRef = 75280DF420EA0E1800AA2514 /* ViewController.swift */; };
		75280DF820EA0E1800AA2514 /* Main.storyboard in Resources */ = {isa = PBXBuildFile; fileRef = 75280DF620EA0E1800AA2514 /* Main.storyboard */; };
		75280DFA20EA0E1A00AA2514 /* Assets.xcassets in Resources */ = {isa = PBXBuildFile; fileRef = 75280DF920EA0E1A00AA2514 /* Assets.xcassets */; };
		75280DFD20EA0E1A00AA2514 /* LaunchScreen.storyboard in Resources */ = {isa = PBXBuildFile; fileRef = 75280DFB20EA0E1A00AA2514 /* LaunchScreen.storyboard */; };
		87584B36D7C1F5467F5B59C0 /* Pods_IndoorsAtlasDemo.framework in Frameworks */ = {isa = PBXBuildFile; fileRef = 9135B95A07D2FF86A90450DE /* Pods_IndoorsAtlasDemo.framework */; };
/* End PBXBuildFile section */

/* Begin PBXFileReference section */
		09A83D96A133E46437C3F409 /* Pods-IndoorsAtlasDemo.debug.xcconfig */ = {isa = PBXFileReference; includeInIndex = 1; lastKnownFileType = text.xcconfig; name = "Pods-IndoorsAtlasDemo.debug.xcconfig"; path = "Pods/Target Support Files/Pods-IndoorsAtlasDemo/Pods-IndoorsAtlasDemo.debug.xcconfig"; sourceTree = "<group>"; };
		75280DEF20EA0E1800AA2514 /* IndoorsAtlasDemo.app */ = {isa = PBXFileReference; explicitFileType = wrapper.application; includeInIndex = 0; path = IndoorsAtlasDemo.app; sourceTree = BUILT_PRODUCTS_DIR; };
		75280DF220EA0E1800AA2514 /* AppDelegate.swift */ = {isa = PBXFileReference; lastKnownFileType = sourcecode.swift; path = AppDelegate.swift; sourceTree = "<group>"; };
		75280DF420EA0E1800AA2514 /* ViewController.swift */ = {isa = PBXFileReference; lastKnownFileType = sourcecode.swift; path = ViewController.swift; sourceTree = "<group>"; };
		75280DF720EA0E1800AA2514 /* Base */ = {isa = PBXFileReference; lastKnownFileType = file.storyboard; name = Base; path = Base.lproj/Main.storyboard; sourceTree = "<group>"; };
		75280DF920EA0E1A00AA2514 /* Assets.xcassets */ = {isa = PBXFileReference; lastKnownFileType = folder.assetcatalog; path = Assets.xcassets; sourceTree = "<group>"; };
		75280DFC20EA0E1A00AA2514 /* Base */ = {isa = PBXFileReference; lastKnownFileType = file.storyboard; name = Base; path = Base.lproj/LaunchScreen.storyboard; sourceTree = "<group>"; };
		75280DFE20EA0E1A00AA2514 /* Info.plist */ = {isa = PBXFileReference; lastKnownFileType = text.plist.xml; path = Info.plist; sourceTree = "<group>"; };
		9135B95A07D2FF86A90450DE /* Pods_IndoorsAtlasDemo.framework */ = {isa = PBXFileReference; explicitFileType = wrapper.framework; includeInIndex = 0; path = Pods_IndoorsAtlasDemo.framework; sourceTree = BUILT_PRODUCTS_DIR; };
		F23AA5374921543CCB3849B9 /* Pods-IndoorsAtlasDemo.release.xcconfig */ = {isa = PBXFileReference; includeInIndex = 1; lastKnownFileType = text.xcconfig; name = "Pods-IndoorsAtlasDemo.release.xcconfig"; path = "Pods/Target Support Files/Pods-IndoorsAtlasDemo/Pods-IndoorsAtlasDemo.release.xcconfig"; sourceTree = "<group>"; };
/* End PBXFileReference section */

/* Begin PBXFrameworksBuildPhase section */
		75280DEC20EA0E1800AA2514 /* Frameworks */ = {
			isa = PBXFrameworksBuildPhase;
			buildActionMask = 2147483647;
			files = (
				87584B36D7C1F5467F5B59C0 /* Pods_IndoorsAtlasDemo.framework in Frameworks */,
			);
			runOnlyForDeploymentPostprocessing = 0;
		};
/* End PBXFrameworksBuildPhase section */

/* Begin PBXGroup section */
		3A0029162C5B542F50393739 /* Pods */ = {
			isa = PBXGroup;
			children = (
				09A83D96A133E46437C3F409 /* Pods-IndoorsAtlasDemo.debug.xcconfig */,
				F23AA5374921543CCB3849B9 /* Pods-IndoorsAtlasDemo.release.xcconfig */,
			);
			name = Pods;
			sourceTree = "<group>";
		};
		75280DE620EA0E1800AA2514 = {
			isa = PBXGroup;
			children = (
				75280DF120EA0E1800AA2514 /* IndoorsAtlasDemo */,
				75280DF020EA0E1800AA2514 /* Products */,
				3A0029162C5B542F50393739 /* Pods */,
				804837765190581EBAEB585A /* Frameworks */,
			);
			sourceTree = "<group>";
		};
		75280DF020EA0E1800AA2514 /* Products */ = {
			isa = PBXGroup;
			children = (
				75280DEF20EA0E1800AA2514 /* IndoorsAtlasDemo.app */,
			);
			name = Products;
			sourceTree = "<group>";
		};
		75280DF120EA0E1800AA2514 /* IndoorsAtlasDemo */ = {
			isa = PBXGroup;
			children = (
				75280DF220EA0E1800AA2514 /* AppDelegate.swift */,
				75280DF420EA0E1800AA2514 /* ViewController.swift */,
				75280DF620EA0E1800AA2514 /* Main.storyboard */,
				75280DF920EA0E1A00AA2514 /* Assets.xcassets */,
				75280DFB20EA0E1A00AA2514 /* LaunchScreen.storyboard */,
				75280DFE20EA0E1A00AA2514 /* Info.plist */,
			);
			path = IndoorsAtlasDemo;
			sourceTree = "<group>";
		};
		804837765190581EBAEB585A /* Frameworks */ = {
			isa = PBXGroup;
			children = (
				9135B95A07D2FF86A90450DE /* Pods_IndoorsAtlasDemo.framework */,
			);
			name = Frameworks;
			sourceTree = "<group>";
		};
/* End PBXGroup section */

/* Begin PBXNativeTarget section */
		75280DEE20EA0E1800AA2514 /* IndoorsAtlasDemo */ = {
			isa = PBXNativeTarget;
			buildConfigurationList = 75280E0120EA0E1A00AA2514 /* Build configuration list for PBXNativeTarget "IndoorsAtlasDemo" */;
			buildPhases = (
				9EC84721D610591CC4A0FCEA /* [CP] Check Pods Manifest.lock */,
				75280DEB20EA0E1800AA2514 /* Sources */,
				75280DEC20EA0E1800AA2514 /* Frameworks */,
				75280DED20EA0E1800AA2514 /* Resources */,
				48DC8B0FCD0CCABAF8D90D3D /* [CP] Embed Pods Frameworks */,
			);
			buildRules = (
			);
			dependencies = (
			);
			name = IndoorsAtlasDemo;
			productName = IndoorsAtlasDemo;
			productReference = 75280DEF20EA0E1800AA2514 /* IndoorsAtlasDemo.app */;
			productType = "com.apple.product-type.application";
		};
/* End PBXNativeTarget section */

/* Begin PBXProject section */
		75280DE720EA0E1800AA2514 /* Project object */ = {
			isa = PBXProject;
			attributes = {
				LastSwiftUpdateCheck = 0940;
				LastUpgradeCheck = 0940;
				ORGANIZATIONNAME = "Sanchit Mittal";
				TargetAttributes = {
					75280DEE20EA0E1800AA2514 = {
						CreatedOnToolsVersion = 9.4.1;
					};
				};
			};
			buildConfigurationList = 75280DEA20EA0E1800AA2514 /* Build configuration list for PBXProject "IndoorsAtlasDemo" */;
			compatibilityVersion = "Xcode 9.3";
			developmentRegion = en;
			hasScannedForEncodings = 0;
			knownRegions = (
				en,
				Base,
			);
			mainGroup = 75280DE620EA0E1800AA2514;
			productRefGroup = 75280DF020EA0E1800AA2514 /* Products */;
			projectDirPath = "";
			projectRoot = "";
			targets = (
				75280DEE20EA0E1800AA2514 /* IndoorsAtlasDemo */,
			);
		};
/* End PBXProject section */

/* Begin PBXResourcesBuildPhase section */
		75280DED20EA0E1800AA2514 /* Resources */ = {
			isa = PBXResourcesBuildPhase;
			buildActionMask = 2147483647;
			files = (
				75280DFD20EA0E1A00AA2514 /* LaunchScreen.storyboard in Resources */,
				75280DFA20EA0E1A00AA2514 /* Assets.xcassets in Resources */,
				75280DF820EA0E1800AA2514 /* Main.storyboard in Resources */,
			);
			runOnlyForDeploymentPostprocessing = 0;
		};
/* End PBXResourcesBuildPhase section */

/* Begin PBXShellScriptBuildPhase section */
		48DC8B0FCD0CCABAF8D90D3D /* [CP] Embed Pods Frameworks */ = {
			isa = PBXShellScriptBuildPhase;
			buildActionMask = 2147483647;
			files = (
			);
			inputPaths = (
				"${SRCROOT}/Pods/Target Support Files/Pods-IndoorsAtlasDemo/Pods-IndoorsAtlasDemo-frameworks.sh",
				"${PODS_ROOT}/IndoorAtlas/indooratlas-ios-sdk/IndoorAtlas.framework",
			);
			name = "[CP] Embed Pods Frameworks";
			outputPaths = (
				"${TARGET_BUILD_DIR}/${FRAMEWORKS_FOLDER_PATH}/IndoorAtlas.framework",
			);
			runOnlyForDeploymentPostprocessing = 0;
			shellPath = /bin/sh;
			shellScript = "\"${SRCROOT}/Pods/Target Support Files/Pods-IndoorsAtlasDemo/Pods-IndoorsAtlasDemo-frameworks.sh\"\n";
			showEnvVarsInLog = 0;
		};
		9EC84721D610591CC4A0FCEA /* [CP] Check Pods Manifest.lock */ = {
			isa = PBXShellScriptBuildPhase;
			buildActionMask = 2147483647;
			files = (
			);
			inputPaths = (
				"${PODS_PODFILE_DIR_PATH}/Podfile.lock",
				"${PODS_ROOT}/Manifest.lock",
			);
			name = "[CP] Check Pods Manifest.lock";
			outputPaths = (
				"$(DERIVED_FILE_DIR)/Pods-IndoorsAtlasDemo-checkManifestLockResult.txt",
			);
			runOnlyForDeploymentPostprocessing = 0;
			shellPath = /bin/sh;
			shellScript = "diff \"${PODS_PODFILE_DIR_PATH}/Podfile.lock\" \"${PODS_ROOT}/Manifest.lock\" > /dev/null\nif [ $? != 0 ] ; then\n    # print error to STDERR\n    echo \"error: The sandbox is not in sync with the Podfile.lock. Run 'pod install' or update your CocoaPods installation.\" >&2\n    exit 1\nfi\n# This output is used by Xcode 'outputs' to avoid re-running this script phase.\necho \"SUCCESS\" > \"${SCRIPT_OUTPUT_FILE_0}\"\n";
			showEnvVarsInLog = 0;
		};
/* End PBXShellScriptBuildPhase section */

/* Begin PBXSourcesBuildPhase section */
		75280DEB20EA0E1800AA2514 /* Sources */ = {
			isa = PBXSourcesBuildPhase;
			buildActionMask = 2147483647;
			files = (
				75280DF520EA0E1800AA2514 /* ViewController.swift in Sources */,
				75280DF320EA0E1800AA2514 /* AppDelegate.swift in Sources */,
			);
			runOnlyForDeploymentPostprocessing = 0;
		};
/* End PBXSourcesBuildPhase section */

/* Begin PBXVariantGroup section */
		75280DF620EA0E1800AA2514 /* Main.storyboard */ = {
			isa = PBXVariantGroup;
			children = (
				75280DF720EA0E1800AA2514 /* Base */,
			);
			name = Main.storyboard;
			sourceTree = "<group>";
		};
		75280DFB20EA0E1A00AA2514 /* LaunchScreen.storyboard */ = {
			isa = PBXVariantGroup;
			children = (
				75280DFC20EA0E1A00AA2514 /* Base */,
			);
			name = LaunchScreen.storyboard;
			sourceTree = "<group>";
		};
/* End PBXVariantGroup section */

/* Begin XCBuildConfiguration section */
		75280DFF20EA0E1A00AA2514 /* Debug */ = {
			isa = XCBuildConfiguration;
			buildSettings = {
				ALWAYS_SEARCH_USER_PATHS = NO;
				CLANG_ANALYZER_NONNULL = YES;
				CLANG_ANALYZER_NUMBER_OBJECT_CONVERSION = YES_AGGRESSIVE;
				CLANG_CXX_LANGUAGE_STANDARD = "gnu++14";
				CLANG_CXX_LIBRARY = "libc++";
				CLANG_ENABLE_MODULES = YES;
				CLANG_ENABLE_OBJC_ARC = YES;
				CLANG_ENABLE_OBJC_WEAK = YES;
				CLANG_WARN_BLOCK_CAPTURE_AUTORELEASING = YES;
				CLANG_WARN_BOOL_CONVERSION = YES;
				CLANG_WARN_COMMA = YES;
				CLANG_WARN_CONSTANT_CONVERSION = YES;
				CLANG_WARN_DEPRECATED_OBJC_IMPLEMENTATIONS = YES;
				CLANG_WARN_DIRECT_OBJC_ISA_USAGE = YES_ERROR;
				CLANG_WARN_DOCUMENTATION_COMMENTS = YES;
				CLANG_WARN_EMPTY_BODY = YES;
				CLANG_WARN_ENUM_CONVERSION = YES;
				CLANG_WARN_INFINITE_RECURSION = YES;
				CLANG_WARN_INT_CONVERSION = YES;
				CLANG_WARN_NON_LITERAL_NULL_CONVERSION = YES;
				CLANG_WARN_OBJC_IMPLICIT_RETAIN_SELF = YES;
				CLANG_WARN_OBJC_LITERAL_CONVERSION = YES;
				CLANG_WARN_OBJC_ROOT_CLASS = YES_ERROR;
				CLANG_WARN_RANGE_LOOP_ANALYSIS = YES;
				CLANG_WARN_STRICT_PROTOTYPES = YES;
				CLANG_WARN_SUSPICIOUS_MOVE = YES;
				CLANG_WARN_UNGUARDED_AVAILABILITY = YES_AGGRESSIVE;
				CLANG_WARN_UNREACHABLE_CODE = YES;
				CLANG_WARN__DUPLICATE_METHOD_MATCH = YES;
				CODE_SIGN_IDENTITY = "iPhone Developer";
				COPY_PHASE_STRIP = NO;
				DEBUG_INFORMATION_FORMAT = dwarf;
				ENABLE_BITCODE = NO;
				ENABLE_STRICT_OBJC_MSGSEND = YES;
				ENABLE_TESTABILITY = YES;
				GCC_C_LANGUAGE_STANDARD = gnu11;
				GCC_DYNAMIC_NO_PIC = NO;
				GCC_NO_COMMON_BLOCKS = YES;
				GCC_OPTIMIZATION_LEVEL = 0;
				GCC_PREPROCESSOR_DEFINITIONS = (
					"DEBUG=1",
					"$(inherited)",
				);
				GCC_WARN_64_TO_32_BIT_CONVERSION = YES;
				GCC_WARN_ABOUT_RETURN_TYPE = YES_ERROR;
				GCC_WARN_UNDECLARED_SELECTOR = YES;
				GCC_WARN_UNINITIALIZED_AUTOS = YES_AGGRESSIVE;
				GCC_WARN_UNUSED_FUNCTION = YES;
				GCC_WARN_UNUSED_VARIABLE = YES;
				IPHONEOS_DEPLOYMENT_TARGET = 11.4;
				MTL_ENABLE_DEBUG_INFO = YES;
				ONLY_ACTIVE_ARCH = YES;
				SDKROOT = iphoneos;
				SWIFT_ACTIVE_COMPILATION_CONDITIONS = DEBUG;
				SWIFT_OPTIMIZATION_LEVEL = "-Onone";
			};
			name = Debug;
		};
		75280E0020EA0E1A00AA2514 /* Release */ = {
			isa = XCBuildConfiguration;
			buildSettings = {
				ALWAYS_SEARCH_USER_PATHS = NO;
				CLANG_ANALYZER_NONNULL = YES;
				CLANG_ANALYZER_NUMBER_OBJECT_CONVERSION = YES_AGGRESSIVE;
				CLANG_CXX_LANGUAGE_STANDARD = "gnu++14";
				CLANG_CXX_LIBRARY = "libc++";
				CLANG_ENABLE_MODULES = YES;
				CLANG_ENABLE_OBJC_ARC = YES;
				CLANG_ENABLE_OBJC_WEAK = YES;
				CLANG_WARN_BLOCK_CAPTURE_AUTORELEASING = YES;
				CLANG_WARN_BOOL_CONVERSION = YES;
				CLANG_WARN_COMMA = YES;
				CLANG_WARN_CONSTANT_CONVERSION = YES;
				CLANG_WARN_DEPRECATED_OBJC_IMPLEMENTATIONS = YES;
				CLANG_WARN_DIRECT_OBJC_ISA_USAGE = YES_ERROR;
				CLANG_WARN_DOCUMENTATION_COMMENTS = YES;
				CLANG_WARN_EMPTY_BODY = YES;
				CLANG_WARN_ENUM_CONVERSION = YES;
				CLANG_WARN_INFINITE_RECURSION = YES;
				CLANG_WARN_INT_CONVERSION = YES;
				CLANG_WARN_NON_LITERAL_NULL_CONVERSION = YES;
				CLANG_WARN_OBJC_IMPLICIT_RETAIN_SELF = YES;
				CLANG_WARN_OBJC_LITERAL_CONVERSION = YES;
				CLANG_WARN_OBJC_ROOT_CLASS = YES_ERROR;
				CLANG_WARN_RANGE_LOOP_ANALYSIS = YES;
				CLANG_WARN_STRICT_PROTOTYPES = YES;
				CLANG_WARN_SUSPICIOUS_MOVE = YES;
				CLANG_WARN_UNGUARDED_AVAILABILITY = YES_AGGRESSIVE;
				CLANG_WARN_UNREACHABLE_CODE = YES;
				CLANG_WARN__DUPLICATE_METHOD_MATCH = YES;
				CODE_SIGN_IDENTITY = "iPhone Developer";
				COPY_PHASE_STRIP = NO;
				DEBUG_INFORMATION_FORMAT = "dwarf-with-dsym";
				ENABLE_BITCODE = NO;
				ENABLE_NS_ASSERTIONS = NO;
				ENABLE_STRICT_OBJC_MSGSEND = YES;
				GCC_C_LANGUAGE_STANDARD = gnu11;
				GCC_NO_COMMON_BLOCKS = YES;
				GCC_WARN_64_TO_32_BIT_CONVERSION = YES;
				GCC_WARN_ABOUT_RETURN_TYPE = YES_ERROR;
				GCC_WARN_UNDECLARED_SELECTOR = YES;
				GCC_WARN_UNINITIALIZED_AUTOS = YES_AGGRESSIVE;
				GCC_WARN_UNUSED_FUNCTION = YES;
				GCC_WARN_UNUSED_VARIABLE = YES;
				IPHONEOS_DEPLOYMENT_TARGET = 11.4;
				MTL_ENABLE_DEBUG_INFO = NO;
				SDKROOT = iphoneos;
				SWIFT_COMPILATION_MODE = wholemodule;
				SWIFT_OPTIMIZATION_LEVEL = "-O";
				VALIDATE_PRODUCT = YES;
			};
			name = Release;
		};
		75280E0220EA0E1A00AA2514 /* Debug */ = {
			isa = XCBuildConfiguration;
			baseConfigurationReference = 09A83D96A133E46437C3F409 /* Pods-IndoorsAtlasDemo.debug.xcconfig */;
			buildSettings = {
				ASSETCATALOG_COMPILER_APPICON_NAME = AppIcon;
				CODE_SIGN_STYLE = Manual;
				DEVELOPMENT_TEAM = 9AS4EHAHJD;
				INFOPLIST_FILE = IndoorsAtlasDemo/Info.plist;
				LD_RUNPATH_SEARCH_PATHS = (
					"$(inherited)",
					"@executable_path/Frameworks",
				);
				PRODUCT_BUNDLE_IDENTIFIER = com.hcs.IndoorsAtlasDemo;
				PRODUCT_NAME = "$(TARGET_NAME)";
				PROVISIONING_PROFILE = "b6923ea3-7133-4354-b584-a9603f100653";
				PROVISIONING_PROFILE_SPECIFIER = "Sanchit Mittal Prov Profile";
				SWIFT_VERSION = 4.0;
				TARGETED_DEVICE_FAMILY = "1,2";
			};
			name = Debug;
		};
		75280E0320EA0E1A00AA2514 /* Release */ = {
			isa = XCBuildConfiguration;
			baseConfigurationReference = F23AA5374921543CCB3849B9 /* Pods-IndoorsAtlasDemo.release.xcconfig */;
			buildSettings = {
				ASSETCATALOG_COMPILER_APPICON_NAME = AppIcon;
				CODE_SIGN_STYLE = Manual;
				DEVELOPMENT_TEAM = "";
				INFOPLIST_FILE = IndoorsAtlasDemo/Info.plist;
				LD_RUNPATH_SEARCH_PATHS = (
					"$(inherited)",
					"@executable_path/Frameworks",
				);
				PRODUCT_BUNDLE_IDENTIFIER = com.hcs.IndoorsAtlasDemo;
				PRODUCT_NAME = "$(TARGET_NAME)";
				PROVISIONING_PROFILE_SPECIFIER = "";
				SWIFT_VERSION = 4.0;
				TARGETED_DEVICE_FAMILY = "1,2";
			};
			name = Release;
		};
/* End XCBuildConfiguration section */

/* Begin XCConfigurationList section */
		75280DEA20EA0E1800AA2514 /* Build configuration list for PBXProject "IndoorsAtlasDemo" */ = {
			isa = XCConfigurationList;
			buildConfigurations = (
				75280DFF20EA0E1A00AA2514 /* Debug */,
				75280E0020EA0E1A00AA2514 /* Release */,
			);
			defaultConfigurationIsVisible = 0;
			defaultConfigurationName = Release;
		};
		75280E0120EA0E1A00AA2514 /* Build configuration list for PBXNativeTarget "IndoorsAtlasDemo" */ = {
			isa = XCConfigurationList;
			buildConfigurations = (
				75280E0220EA0E1A00AA2514 /* Debug */,
				75280E0320EA0E1A00AA2514 /* Release */,
			);
			defaultConfigurationIsVisible = 0;
			defaultConfigurationName = Release;
		};
/* End XCConfigurationList section */
	};
	rootObject = 75280DE720EA0E1800AA2514 /* Project object */;
}
